
Microsoft Visual Studio Solution File, Format Version 12.00
# Visual Studio Version 17
VisualStudioVersion = 17.11.35327.3
MinimumVisualStudioVersion = 10.0.40219.1
Project("{8BC9CEB8-8B4A-11D0-8D11-00A0C91BC942}") = "BlockEDREasy", "BlockEDREasy.vcxproj", "{8116D9E9-86BE-402B-9CCF-16F7F76B3838}"
EndProject
Global
	GlobalSection(SolutionConfigurationPlatforms) = preSolution
		Debug|x64 = Debug|x64
		Debug|x86 = Debug|x86
		Release|x64 = Release|x64
		Release|x86 = Release|x86
	EndGlobalSection
	GlobalSection(ProjectConfigurationPlatforms) = postSolution
		{8116D9E9-86BE-402B-9CCF-16F7F76B3838}.Debug|x64.ActiveCfg = Debug|x64
		{8116D9E9-86BE-402B-9CCF-16F7F76B3838}.Debug|x64.Build.0 = Debug|x64
		{8116D9E9-86BE-402B-9CCF-16F7F76B3838}.Debug|x86.ActiveCfg = Debug|Win32
		{8116D9E9-86BE-402B-9CCF-16F7F76B3838}.Debug|x86.Build.0 = Debug|Win32
		{8116D9E9-86BE-402B-9CCF-16F7F76B3838}.Release|x64.ActiveCfg = Release|x64
		{8116D9E9-86BE-402B-9CCF-16F7F76B3838}.Release|x64.Build.0 = Release|x64
		{8116D9E9-86BE-402B-9CCF-16F7F76B3838}.Release|x86.ActiveCfg = Release|Win32
		{8116D9E9-86BE-402B-9CCF-16F7F76B3838}.Release|x86.Build.0 = Release|Win32
	EndGlobalSection
	GlobalSection(SolutionProperties) = preSolution
		HideSolutionNode = FALSE
	EndGlobalSection
	GlobalSection(ExtensibilityGlobals) = postSolution
		SolutionGuid = {41953325-B1A2-46B1-AAB1-1F26C7F68258}
	EndGlobalSection
EndGlobal
